
Microsoft Visual Studio Solution File, Format Version 12.00
# Visual Studio Version 16
VisualStudioVersion = 16.0.30717.126
MinimumVisualStudioVersion = 10.0.40219.1
Project("{FAE04EC0-301F-11D3-BF4B-00C04F79EFBC}") = "Atelier2", "Atelier2\Atelier2.csproj", "{6E5AD825-3147-4A1B-9FE1-4F75922866C2}"
EndProject
Global
	GlobalSection(SolutionConfigurationPlatforms) = preSolution
		Debug|Any CPU = Debug|Any CPU
		Release|Any CPU = Release|Any CPU
	EndGlobalSection
	GlobalSection(ProjectConfigurationPlatforms) = postSolution
		{6E5AD825-3147-4A1B-9FE1-4F75922866C2}.Debug|Any CPU.ActiveCfg = Debug|Any CPU
		{6E5AD825-3147-4A1B-9FE1-4F75922866C2}.Debug|Any CPU.Build.0 = Debug|Any CPU
		{6E5AD825-3147-4A1B-9FE1-4F75922866C2}.Release|Any CPU.ActiveCfg = Release|Any CPU
		{6E5AD825-3147-4A1B-9FE1-4F75922866C2}.Release|Any CPU.Build.0 = Release|Any CPU
	EndGlobalSection
	GlobalSection(SolutionProperties) = preSolution
		HideSolutionNode = FALSE
	EndGlobalSection
	GlobalSection(ExtensibilityGlobals) = postSolution
		SolutionGuid = {3D479A3E-1A6F-4B07-9F7B-7787F081323D}
	EndGlobalSection
EndGlobal
